
Microsoft Visual Studio Solution File, Format Version 12.00
# Visual Studio Version 17
VisualStudioVersion = 17.2.32519.379
MinimumVisualStudioVersion = 10.0.40219.1
Project("{FAE04EC0-301F-11D3-BF4B-00C04F79EFBC}") = "ConsoleAcme", "ConsoleAcme\ConsoleAcme.csproj", "{DC14B137-F283-41A4-949F-BD561FF0F444}"
EndProject
Global
	GlobalSection(SolutionConfigurationPlatforms) = preSolution
		Debug|Any CPU = Debug|Any CPU
		Release|Any CPU = Release|Any CPU
	EndGlobalSection
	GlobalSection(ProjectConfigurationPlatforms) = postSolution
		{DC14B137-F283-41A4-949F-BD561FF0F444}.Debug|Any CPU.ActiveCfg = Debug|Any CPU
		{DC14B137-F283-41A4-949F-BD561FF0F444}.Debug|Any CPU.Build.0 = Debug|Any CPU
		{DC14B137-F283-41A4-949F-BD561FF0F444}.Release|Any CPU.ActiveCfg = Release|Any CPU
		{DC14B137-F283-41A4-949F-BD561FF0F444}.Release|Any CPU.Build.0 = Release|Any CPU
	EndGlobalSection
	GlobalSection(SolutionProperties) = preSolution
		HideSolutionNode = FALSE
	EndGlobalSection
	GlobalSection(ExtensibilityGlobals) = postSolution
		SolutionGuid = {A36AED74-02AE-4792-AF8E-7CFD259F716C}
	EndGlobalSection
EndGlobal
